schema: '2.0'
stages:
  prepare:
    cmd: echo "Verificando que los datos existen..."
    deps:
    - path: data/iris_dataset.csv
      hash: md5
      md5: 6dc5d9265b1bd60f505b93dbc8efb41c
      size: 2795
  train:
    cmd: python train.py --n_estimators 500
    deps:
    - path: data/iris_dataset.csv
      hash: md5
      md5: 6dc5d9265b1bd60f505b93dbc8efb41c
      size: 2795
    - path: requirements.txt
      hash: md5
      md5: f6c87a55c9a9f0252c92d723f22abbb0
      size: 3049
    - path: train.py
      hash: md5
      md5: ccce79db812f2de409463b689d883fb1
      size: 3118
    params:
      params.yaml:
        train.n_estimators: 500
    outs:
    - path: confusion_matrix.png
      hash: md5
      md5: a297390ef45c414871a212b195c25044
      size: 22209
    - path: mlflow_metrics.json
      hash: md5
      md5: c23a4b845cfcb729bc77225aaa6b5134
      size: 32
    - path: model.pkl
      hash: md5
      md5: f38a86183d3f8bfcd1f90ad4516c5973
      size: 881457
